
Microsoft Visual Studio Solution File, Format Version 12.00
# Visual Studio Version 16
VisualStudioVersion = 16.0.31702.278
MinimumVisualStudioVersion = 10.0.40219.1
Project("{FAE04EC0-301F-11D3-BF4B-00C04F79EFBC}") = "GastosManzia", "GastosManzia\GastosManzia.csproj", "{97201FAC-3572-489E-91E8-9CCC6736B8D3}"
EndProject
Global
	GlobalSection(SolutionConfigurationPlatforms) = preSolution
		Debug|Any CPU = Debug|Any CPU
		Release|Any CPU = Release|Any CPU
	EndGlobalSection
	GlobalSection(ProjectConfigurationPlatforms) = postSolution
		{97201FAC-3572-489E-91E8-9CCC6736B8D3}.Debug|Any CPU.ActiveCfg = Debug|Any CPU
		{97201FAC-3572-489E-91E8-9CCC6736B8D3}.Debug|Any CPU.Build.0 = Debug|Any CPU
		{97201FAC-3572-489E-91E8-9CCC6736B8D3}.Release|Any CPU.ActiveCfg = Release|Any CPU
		{97201FAC-3572-489E-91E8-9CCC6736B8D3}.Release|Any CPU.Build.0 = Release|Any CPU
	EndGlobalSection
	GlobalSection(SolutionProperties) = preSolution
		HideSolutionNode = FALSE
	EndGlobalSection
	GlobalSection(ExtensibilityGlobals) = postSolution
		SolutionGuid = {B55924AA-0067-4B9F-9C1F-3129234334F3}
	EndGlobalSection
EndGlobal
